// !$*UTF8*$!
{
	archiveVersion = 1;
	classes = {
	};
	objectVersion = 46;
	objects = {

/* Begin PBXBuildFile section */
		05C0B6A9155AD8FC0078DBC3 /* UIKit.framework in Frameworks */ = {isa = PBXBuildFile; fileRef = 05C0B6A8155AD8FC0078DBC3 /* UIKit.framework */; };
		05C0B6AB155AD8FC0078DBC3 /* Foundation.framework in Frameworks */ = {isa = PBXBuildFile; fileRef = 05C0B6AA155AD8FC0078DBC3 /* Foundation.framework */; };
		05C0B6AD155AD8FC0078DBC3 /* CoreGraphics.framework in Frameworks */ = {isa = PBXBuildFile; fileRef = 05C0B6AC155AD8FC0078DBC3 /* CoreGraphics.framework */; };
		05C0B6B3155AD8FC0078DBC3 /* InfoPlist.strings in Resources */ = {isa = PBXBuildFile; fileRef = 05C0B6B1155AD8FC0078DBC3 /* InfoPlist.strings */; };
		05C0B6B5155AD8FC0078DBC3 /* main.m in Sources */ = {isa = PBXBuildFile; fileRef = 05C0B6B4155AD8FC0078DBC3 /* main.m */; };
		05C0B6B9155AD8FC0078DBC3 /* AppDelegate.m in Sources */ = {isa = PBXBuildFile; fileRef = 05C0B6B8155AD8FC0078DBC3 /* AppDelegate.m */; };
		05C0B6C2155AD8FC0078DBC3 /* ViewController.m in Sources */ = {isa = PBXBuildFile; fileRef = 05C0B6C1155AD8FC0078DBC3 /* ViewController.m */; };
		05C0B6CA155AD8FD0078DBC3 /* SenTestingKit.framework in Frameworks */ = {isa = PBXBuildFile; fileRef = 05C0B6C9155AD8FD0078DBC3 /* SenTestingKit.framework */; };
		05C0B6CB155AD8FD0078DBC3 /* UIKit.framework in Frameworks */ = {isa = PBXBuildFile; fileRef = 05C0B6A8155AD8FC0078DBC3 /* UIKit.framework */; };
		05C0B6CC155AD8FD0078DBC3 /* Foundation.framework in Frameworks */ = {isa = PBXBuildFile; fileRef = 05C0B6AA155AD8FC0078DBC3 /* Foundation.framework */; };
		05C0B6D4155AD8FD0078DBC3 /* InfoPlist.strings in Resources */ = {isa = PBXBuildFile; fileRef = 05C0B6D2155AD8FD0078DBC3 /* InfoPlist.strings */; };
		05C0B6D7155AD8FD0078DBC3 /* TwitterpostTests.m in Sources */ = {isa = PBXBuildFile; fileRef = 05C0B6D6155AD8FD0078DBC3 /* TwitterpostTests.m */; };
		05C0C88B1575562A00E560EE /* Twitter.framework in Frameworks */ = {isa = PBXBuildFile; fileRef = 05C0C887157555BB00E560EE /* Twitter.framework */; };
		05C0C88C1575562E00E560EE /* Accounts.framework in Frameworks */ = {isa = PBXBuildFile; fileRef = 05C0C884157555B300E560EE /* Accounts.framework */; };
		05C0C89E1575639A00E560EE /* ViewController.xib in Resources */ = {isa = PBXBuildFile; fileRef = 05C0C89D1575639A00E560EE /* ViewController.xib */; };
/* End PBXBuildFile section */

/* Begin PBXContainerItemProxy section */
		05C0B6CD155AD8FD0078DBC3 /* PBXContainerItemProxy */ = {
			isa = PBXContainerItemProxy;
			containerPortal = 05C0B69B155AD8FC0078DBC3 /* Project object */;
			proxyType = 1;
			remoteGlobalIDString = 05C0B6A3155AD8FC0078DBC3;
			remoteInfo = Twitterpost;
		};
/* End PBXContainerItemProxy section */

/* Begin PBXFileReference section */
		05C0B6A4155AD8FC0078DBC3 /* Twitterpost.app */ = {isa = PBXFileReference; explicitFileType = wrapper.application; includeInIndex = 0; path = Twitterpost.app; sourceTree = BUILT_PRODUCTS_DIR; };
		05C0B6A8155AD8FC0078DBC3 /* UIKit.framework */ = {isa = PBXFileReference; lastKnownFileType = wrapper.framework; name = UIKit.framework; path = System/Library/Frameworks/UIKit.framework; sourceTree = SDKROOT; };
		05C0B6AA155AD8FC0078DBC3 /* Foundation.framework */ = {isa = PBXFileReference; lastKnownFileType = wrapper.framework; name = Foundation.framework; path = System/Library/Frameworks/Foundation.framework; sourceTree = SDKROOT; };
		05C0B6AC155AD8FC0078DBC3 /* CoreGraphics.framework */ = {isa = PBXFileReference; lastKnownFileType = wrapper.framework; name = CoreGraphics.framework; path = System/Library/Frameworks/CoreGraphics.framework; sourceTree = SDKROOT; };
		05C0B6B0155AD8FC0078DBC3 /* Twitterpost-Info.plist */ = {isa = PBXFileReference; lastKnownFileType = text.plist.xml; path = "Twitterpost-Info.plist"; sourceTree = "<group>"; };
		05C0B6B2155AD8FC0078DBC3 /* en */ = {isa = PBXFileReference; lastKnownFileType = text.plist.strings; name = en; path = en.lproj/InfoPlist.strings; sourceTree = "<group>"; };
		05C0B6B4155AD8FC0078DBC3 /* main.m */ = {isa = PBXFileReference; lastKnownFileType = sourcecode.c.objc; path = main.m; sourceTree = "<group>"; };
		05C0B6B6155AD8FC0078DBC3 /* Twitterpost-Prefix.pch */ = {isa = PBXFileReference; lastKnownFileType = sourcecode.c.h; path = "Twitterpost-Prefix.pch"; sourceTree = "<group>"; };
		05C0B6B7155AD8FC0078DBC3 /* AppDelegate.h */ = {isa = PBXFileReference; lastKnownFileType = sourcecode.c.h; path = AppDelegate.h; sourceTree = "<group>"; };
		05C0B6B8155AD8FC0078DBC3 /* AppDelegate.m */ = {isa = PBXFileReference; lastKnownFileType = sourcecode.c.objc; path = AppDelegate.m; sourceTree = "<group>"; };
		05C0B6C0155AD8FC0078DBC3 /* ViewController.h */ = {isa = PBXFileReference; lastKnownFileType = sourcecode.c.h; path = ViewController.h; sourceTree = "<group>"; };
		05C0B6C1155AD8FC0078DBC3 /* ViewController.m */ = {isa = PBXFileReference; lastKnownFileType = sourcecode.c.objc; path = ViewController.m; sourceTree = "<group>"; };
		05C0B6C8155AD8FD0078DBC3 /* TwitterpostTests.octest */ = {isa = PBXFileReference; explicitFileType = wrapper.cfbundle; includeInIndex = 0; path = TwitterpostTests.octest; sourceTree = BUILT_PRODUCTS_DIR; };
		05C0B6C9155AD8FD0078DBC3 /* SenTestingKit.framework */ = {isa = PBXFileReference; lastKnownFileType = wrapper.framework; name = SenTestingKit.framework; path = Library/Frameworks/SenTestingKit.framework; sourceTree = DEVELOPER_DIR; };
		05C0B6D1155AD8FD0078DBC3 /* TwitterpostTests-Info.plist */ = {isa = PBXFileReference; lastKnownFileType = text.plist.xml; path = "TwitterpostTests-Info.plist"; sourceTree = "<group>"; };
		05C0B6D3155AD8FD0078DBC3 /* en */ = {isa = PBXFileReference; lastKnownFileType = text.plist.strings; name = en; path = en.lproj/InfoPlist.strings; sourceTree = "<group>"; };
		05C0B6D5155AD8FD0078DBC3 /* TwitterpostTests.h */ = {isa = PBXFileReference; lastKnownFileType = sourcecode.c.h; path = TwitterpostTests.h; sourceTree = "<group>"; };
		05C0B6D6155AD8FD0078DBC3 /* TwitterpostTests.m */ = {isa = PBXFileReference; lastKnownFileType = sourcecode.c.objc; path = TwitterpostTests.m; sourceTree = "<group>"; };
		05C0C884157555B300E560EE /* Accounts.framework */ = {isa = PBXFileReference; lastKnownFileType = wrapper.framework; name = Accounts.framework; path = System/Library/Frameworks/Accounts.framework; sourceTree = SDKROOT; };
		05C0C887157555BB00E560EE /* Twitter.framework */ = {isa = PBXFileReference; lastKnownFileType = wrapper.framework; name = Twitter.framework; path = System/Library/Frameworks/Twitter.framework; sourceTree = SDKROOT; };
		05C0C89D1575639A00E560EE /* ViewController.xib */ = {isa = PBXFileReference; fileEncoding = 4; lastKnownFileType = file.xib; path = ViewController.xib; sourceTree = "<group>"; };
/* End PBXFileReference section */

/* Begin PBXFrameworksBuildPhase section */
		05C0B6A1155AD8FC0078DBC3 /* Frameworks */ = {
			isa = PBXFrameworksBuildPhase;
			buildActionMask = 2147483647;
			files = (
				05C0B6A9155AD8FC0078DBC3 /* UIKit.framework in Frameworks */,
				05C0B6AD155AD8FC0078DBC3 /* CoreGraphics.framework in Frameworks */,
				05C0B6AB155AD8FC0078DBC3 /* Foundation.framework in Frameworks */,
				05C0C88B1575562A00E560EE /* Twitter.framework in Frameworks */,
				05C0C88C1575562E00E560EE /* Accounts.framework in Frameworks */,
			);
			runOnlyForDeploymentPostprocessing = 0;
		};
		05C0B6C4155AD8FD0078DBC3 /* Frameworks */ = {
			isa = PBXFrameworksBuildPhase;
			buildActionMask = 2147483647;
			files = (
				05C0B6CA155AD8FD0078DBC3 /* SenTestingKit.framework in Frameworks */,
				05C0B6CB155AD8FD0078DBC3 /* UIKit.framework in Frameworks */,
				05C0B6CC155AD8FD0078DBC3 /* Foundation.framework in Frameworks */,
			);
			runOnlyForDeploymentPostprocessing = 0;
		};
/* End PBXFrameworksBuildPhase section */

/* Begin PBXGroup section */
		05C0B699155AD8FC0078DBC3 = {
			isa = PBXGroup;
			children = (
				05C0B6AE155AD8FC0078DBC3 /* Twitterpost */,
				05C0B6CF155AD8FD0078DBC3 /* TwitterpostTests */,
				05C0B6A7155AD8FC0078DBC3 /* Frameworks */,
				05C0B6A5155AD8FC0078DBC3 /* Products */,
			);
			sourceTree = "<group>";
		};
		05C0B6A5155AD8FC0078DBC3 /* Products */ = {
			isa = PBXGroup;
			children = (
				05C0B6A4155AD8FC0078DBC3 /* Twitterpost.app */,
				05C0B6C8155AD8FD0078DBC3 /* TwitterpostTests.octest */,
			);
			name = Products;
			sourceTree = "<group>";
		};
		05C0B6A7155AD8FC0078DBC3 /* Frameworks */ = {
			isa = PBXGroup;
			children = (
				05C0C887157555BB00E560EE /* Twitter.framework */,
				05C0C884157555B300E560EE /* Accounts.framework */,
				05C0B6A8155AD8FC0078DBC3 /* UIKit.framework */,
				05C0B6AA155AD8FC0078DBC3 /* Foundation.framework */,
				05C0B6AC155AD8FC0078DBC3 /* CoreGraphics.framework */,
				05C0B6C9155AD8FD0078DBC3 /* SenTestingKit.framework */,
			);
			name = Frameworks;
			sourceTree = "<group>";
		};
		05C0B6AE155AD8FC0078DBC3 /* Twitterpost */ = {
			isa = PBXGroup;
			children = (
				05C0B6B7155AD8FC0078DBC3 /* AppDelegate.h */,
				05C0B6B8155AD8FC0078DBC3 /* AppDelegate.m */,
				05C0B6C0155AD8FC0078DBC3 /* ViewController.h */,
				05C0B6C1155AD8FC0078DBC3 /* ViewController.m */,
				05C0C89D1575639A00E560EE /* ViewController.xib */,
				05C0B6AF155AD8FC0078DBC3 /* Supporting Files */,
			);
			path = Twitterpost;
			sourceTree = "<group>";
		};
		05C0B6AF155AD8FC0078DBC3 /* Supporting Files */ = {
			isa = PBXGroup;
			children = (
				05C0B6B0155AD8FC0078DBC3 /* Twitterpost-Info.plist */,
				05C0B6B1155AD8FC0078DBC3 /* InfoPlist.strings */,
				05C0B6B4155AD8FC0078DBC3 /* main.m */,
				05C0B6B6155AD8FC0078DBC3 /* Twitterpost-Prefix.pch */,
			);
			name = "Supporting Files";
			sourceTree = "<group>";
		};
		05C0B6CF155AD8FD0078DBC3 /* TwitterpostTests */ = {
			isa = PBXGroup;
			children = (
				05C0B6D5155AD8FD0078DBC3 /* TwitterpostTests.h */,
				05C0B6D6155AD8FD0078DBC3 /* TwitterpostTests.m */,
				05C0B6D0155AD8FD0078DBC3 /* Supporting Files */,
			);
			path = TwitterpostTests;
			sourceTree = "<group>";
		};
		05C0B6D0155AD8FD0078DBC3 /* Supporting Files */ = {
			isa = PBXGroup;
			children = (
				05C0B6D1155AD8FD0078DBC3 /* TwitterpostTests-Info.plist */,
				05C0B6D2155AD8FD0078DBC3 /* InfoPlist.strings */,
			);
			name = "Supporting Files";
			sourceTree = "<group>";
		};
/* End PBXGroup section */

/* Begin PBXNativeTarget section */
		05C0B6A3155AD8FC0078DBC3 /* Twitterpost */ = {
			isa = PBXNativeTarget;
			buildConfigurationList = 05C0B6DA155AD8FD0078DBC3 /* Build configuration list for PBXNativeTarget "Twitterpost" */;
			buildPhases = (
				05C0B6A0155AD8FC0078DBC3 /* Sources */,
				05C0B6A1155AD8FC0078DBC3 /* Frameworks */,
				05C0B6A2155AD8FC0078DBC3 /* Resources */,
			);
			buildRules = (
			);
			dependencies = (
			);
			name = Twitterpost;
			productName = Twitterpost;
			productReference = 05C0B6A4155AD8FC0078DBC3 /* Twitterpost.app */;
			productType = "com.apple.product-type.application";
		};
		05C0B6C7155AD8FD0078DBC3 /* TwitterpostTests */ = {
			isa = PBXNativeTarget;
			buildConfigurationList = 05C0B6DD155AD8FD0078DBC3 /* Build configuration list for PBXNativeTarget "TwitterpostTests" */;
			buildPhases = (
				05C0B6C3155AD8FD0078DBC3 /* Sources */,
				05C0B6C4155AD8FD0078DBC3 /* Frameworks */,
				05C0B6C5155AD8FD0078DBC3 /* Resources */,
				05C0B6C6155AD8FD0078DBC3 /* ShellScript */,
			);
			buildRules = (
			);
			dependencies = (
				05C0B6CE155AD8FD0078DBC3 /* PBXTargetDependency */,
			);
			name = TwitterpostTests;
			productName = TwitterpostTests;
			productReference = 05C0B6C8155AD8FD0078DBC3 /* TwitterpostTests.octest */;
			productType = "com.apple.product-type.bundle";
		};
/* End PBXNativeTarget section */

/* Begin PBXProject section */
		05C0B69B155AD8FC0078DBC3 /* Project object */ = {
			isa = PBXProject;
			attributes = {
				LastUpgradeCheck = 0420;
				ORGANIZATIONNAME = "Bekk Consulting as";
			};
			buildConfigurationList = 05C0B69E155AD8FC0078DBC3 /* Build configuration list for PBXProject "Twitterpost" */;
			compatibilityVersion = "Xcode 3.2";
			developmentRegion = English;
			hasScannedForEncodings = 0;
			knownRegions = (
				en,
			);
			mainGroup = 05C0B699155AD8FC0078DBC3;
			productRefGroup = 05C0B6A5155AD8FC0078DBC3 /* Products */;
			projectDirPath = "";
			projectRoot = "";
			targets = (
				05C0B6A3155AD8FC0078DBC3 /* Twitterpost */,
				05C0B6C7155AD8FD0078DBC3 /* TwitterpostTests */,
			);
		};
/* End PBXProject section */

/* Begin PBXResourcesBuildPhase section */
		05C0B6A2155AD8FC0078DBC3 /* Resources */ = {
			isa = PBXResourcesBuildPhase;
			buildActionMask = 2147483647;
			files = (
				05C0B6B3155AD8FC0078DBC3 /* InfoPlist.strings in Resources */,
				05C0C89E1575639A00E560EE /* ViewController.xib in Resources */,
			);
			runOnlyForDeploymentPostprocessing = 0;
		};
		05C0B6C5155AD8FD0078DBC3 /* Resources */ = {
			isa = PBXResourcesBuildPhase;
			buildActionMask = 2147483647;
			files = (
				05C0B6D4155AD8FD0078DBC3 /* InfoPlist.strings in Resources */,
			);
			runOnlyForDeploymentPostprocessing = 0;
		};
/* End PBXResourcesBuildPhase section */

/* Begin PBXShellScriptBuildPhase section */
		05C0B6C6155AD8FD0078DBC3 /* ShellScript */ = {
			isa = PBXShellScriptBuildPhase;
			buildActionMask = 2147483647;
			files = (
			);
			inputPaths = (
			);
			outputPaths = (
			);
			runOnlyForDeploymentPostprocessing = 0;
			shellPath = /bin/sh;
			shellScript = "# Run the unit tests in this test bundle.\n\"${SYSTEM_DEVELOPER_DIR}/Tools/RunUnitTests\"\n";
		};
/* End PBXShellScriptBuildPhase section */

/* Begin PBXSourcesBuildPhase section */
		05C0B6A0155AD8FC0078DBC3 /* Sources */ = {
			isa = PBXSourcesBuildPhase;
			buildActionMask = 2147483647;
			files = (
				05C0B6B5155AD8FC0078DBC3 /* main.m in Sources */,
				05C0B6B9155AD8FC0078DBC3 /* AppDelegate.m in Sources */,
				05C0B6C2155AD8FC0078DBC3 /* ViewController.m in Sources */,
			);
			runOnlyForDeploymentPostprocessing = 0;
		};
		05C0B6C3155AD8FD0078DBC3 /* Sources */ = {
			isa = PBXSourcesBuildPhase;
			buildActionMask = 2147483647;
			files = (
				05C0B6D7155AD8FD0078DBC3 /* TwitterpostTests.m in Sources */,
			);
			runOnlyForDeploymentPostprocessing = 0;
		};
/* End PBXSourcesBuildPhase section */

/* Begin PBXTargetDependency section */
		05C0B6CE155AD8FD0078DBC3 /* PBXTargetDependency */ = {
			isa = PBXTargetDependency;
			target = 05C0B6A3155AD8FC0078DBC3 /* Twitterpost */;
			targetProxy = 05C0B6CD155AD8FD0078DBC3 /* PBXContainerItemProxy */;
		};
/* End PBXTargetDependency section */

/* Begin PBXVariantGroup section */
		05C0B6B1155AD8FC0078DBC3 /* InfoPlist.strings */ = {
			isa = PBXVariantGroup;
			children = (
				05C0B6B2155AD8FC0078DBC3 /* en */,
			);
			name = InfoPlist.strings;
			sourceTree = "<group>";
		};
		05C0B6D2155AD8FD0078DBC3 /* InfoPlist.strings */ = {
			isa = PBXVariantGroup;
			children = (
				05C0B6D3155AD8FD0078DBC3 /* en */,
			);
			name = InfoPlist.strings;
			sourceTree = "<group>";
		};
/* End PBXVariantGroup section */

/* Begin XCBuildConfiguration section */
		05C0B6D8155AD8FD0078DBC3 /* Debug */ = {
			isa = XCBuildConfiguration;
			buildSettings = {
				ALWAYS_SEARCH_USER_PATHS = NO;
				ARCHS = "$(ARCHS_STANDARD_32_BIT)";
				CLANG_ENABLE_OBJC_ARC = YES;
				"CODE_SIGN_IDENTITY[sdk=iphoneos*]" = "iPhone Developer";
				COPY_PHASE_STRIP = NO;
				GCC_C_LANGUAGE_STANDARD = gnu99;
				GCC_DYNAMIC_NO_PIC = NO;
				GCC_OPTIMIZATION_LEVEL = 0;
				GCC_PREPROCESSOR_DEFINITIONS = (
					"DEBUG=1",
					"$(inherited)",
				);
				GCC_SYMBOLS_PRIVATE_EXTERN = NO;
				GCC_VERSION = com.apple.compilers.llvm.clang.1_0;
				GCC_WARN_ABOUT_MISSING_PROTOTYPES = YES;
				GCC_WARN_ABOUT_RETURN_TYPE = YES;
				GCC_WARN_UNUSED_VARIABLE = YES;
				IPHONEOS_DEPLOYMENT_TARGET = 5.0;
				SDKROOT = iphoneos;
				TARGETED_DEVICE_FAMILY = "1,2";
			};
			name = Debug;
		};
		05C0B6D9155AD8FD0078DBC3 /* Release */ = {
			isa = XCBuildConfiguration;
			buildSettings = {
				ALWAYS_SEARCH_USER_PATHS = NO;
				ARCHS = "$(ARCHS_STANDARD_32_BIT)";
				CLANG_ENABLE_OBJC_ARC = YES;
				"CODE_SIGN_IDENTITY[sdk=iphoneos*]" = "iPhone Developer";
				COPY_PHASE_STRIP = YES;
				GCC_C_LANGUAGE_STANDARD = gnu99;
				GCC_VERSION = com.apple.compilers.llvm.clang.1_0;
				GCC_WARN_ABOUT_MISSING_PROTOTYPES = YES;
				GCC_WARN_ABOUT_RETURN_TYPE = YES;
				GCC_WARN_UNUSED_VARIABLE = YES;
				IPHONEOS_DEPLOYMENT_TARGET = 5.0;
				OTHER_CFLAGS = "-DNS_BLOCK_ASSERTIONS=1";
				SDKROOT = iphoneos;
				TARGETED_DEVICE_FAMILY = "1,2";
				VALIDATE_PRODUCT = YES;
			};
			name = Release;
		};
		05C0B6DB155AD8FD0078DBC3 /* Debug */ = {
			isa = XCBuildConfiguration;
			buildSettings = {
				GCC_PRECOMPILE_PREFIX_HEADER = YES;
				GCC_PREFIX_HEADER = "Twitterpost/Twitterpost-Prefix.pch";
				INFOPLIST_FILE = "Twitterpost/Twitterpost-Info.plist";
				PRODUCT_NAME = "$(TARGET_NAME)";
				WRAPPER_EXTENSION = app;
			};
			name = Debug;
		};
		05C0B6DC155AD8FD0078DBC3 /* Release */ = {
			isa = XCBuildConfiguration;
			buildSettings = {
				GCC_PRECOMPILE_PREFIX_HEADER = YES;
				GCC_PREFIX_HEADER = "Twitterpost/Twitterpost-Prefix.pch";
				INFOPLIST_FILE = "Twitterpost/Twitterpost-Info.plist";
				PRODUCT_NAME = "$(TARGET_NAME)";
				WRAPPER_EXTENSION = app;
			};
			name = Release;
		};
		05C0B6DE155AD8FD0078DBC3 /* Debug */ = {
			isa = XCBuildConfiguration;
			buildSettings = {
				BUNDLE_LOADER = "$(BUILT_PRODUCTS_DIR)/Twitterpost.app/Twitterpost";
				FRAMEWORK_SEARCH_PATHS = (
					"$(SDKROOT)/Developer/Library/Frameworks",
					"$(DEVELOPER_LIBRARY_DIR)/Frameworks",
				);
				GCC_PRECOMPILE_PREFIX_HEADER = YES;
				GCC_PREFIX_HEADER = "Twitterpost/Twitterpost-Prefix.pch";
				INFOPLIST_FILE = "TwitterpostTests/TwitterpostTests-Info.plist";
				PRODUCT_NAME = "$(TARGET_NAME)";
				TEST_HOST = "$(BUNDLE_LOADER)";
				WRAPPER_EXTENSION = octest;
			};
			name = Debug;
		};
		05C0B6DF155AD8FD0078DBC3 /* Release */ = {
			isa = XCBuildConfiguration;
			buildSettings = {
				BUNDLE_LOADER = "$(BUILT_PRODUCTS_DIR)/Twitterpost.app/Twitterpost";
				FRAMEWORK_SEARCH_PATHS = (
					"$(SDKROOT)/Developer/Library/Frameworks",
					"$(DEVELOPER_LIBRARY_DIR)/Frameworks",
				);
				GCC_PRECOMPILE_PREFIX_HEADER = YES;
				GCC_PREFIX_HEADER = "Twitterpost/Twitterpost-Prefix.pch";
				INFOPLIST_FILE = "TwitterpostTests/TwitterpostTests-Info.plist";
				PRODUCT_NAME = "$(TARGET_NAME)";
				TEST_HOST = "$(BUNDLE_LOADER)";
				WRAPPER_EXTENSION = octest;
			};
			name = Release;
		};
/* End XCBuildConfiguration section */

/* Begin XCConfigurationList section */
		05C0B69E155AD8FC0078DBC3 /* Build configuration list for PBXProject "Twitterpost" */ = {
			isa = XCConfigurationList;
			buildConfigurations = (
				05C0B6D8155AD8FD0078DBC3 /* Debug */,
				05C0B6D9155AD8FD0078DBC3 /* Release */,
			);
			defaultConfigurationIsVisible = 0;
			defaultConfigurationName = Release;
		};
		05C0B6DA155AD8FD0078DBC3 /* Build configuration list for PBXNativeTarget "Twitterpost" */ = {
			isa = XCConfigurationList;
			buildConfigurations = (
				05C0B6DB155AD8FD0078DBC3 /* Debug */,
				05C0B6DC155AD8FD0078DBC3 /* Release */,
			);
			defaultConfigurationIsVisible = 0;
			defaultConfigurationName = Release;
		};
		05C0B6DD155AD8FD0078DBC3 /* Build configuration list for PBXNativeTarget "TwitterpostTests" */ = {
			isa = XCConfigurationList;
			buildConfigurations = (
				05C0B6DE155AD8FD0078DBC3 /* Debug */,
				05C0B6DF155AD8FD0078DBC3 /* Release */,
			);
			defaultConfigurationIsVisible = 0;
			defaultConfigurationName = Release;
		};
/* End XCConfigurationList section */
	};
	rootObject = 05C0B69B155AD8FC0078DBC3 /* Project object */;
}
